
Microsoft Visual Studio Solution File, Format Version 12.00
# Visual Studio 14
VisualStudioVersion = 14.0.24720.0
MinimumVisualStudioVersion = 10.0.40219.1
Project("{2150E333-8FDC-42A3-9474-1A3956D46DE8}") = ".docs", ".docs", "{CE3C4058-F9DA-4C61-AFCE-DDEEC8BD5DCB}"
	ProjectSection(SolutionItems) = preProject
		CHANGELOG.md = CHANGELOG.md
		LICENSE = LICENSE
		README.md = README.md
	EndProjectSection
EndProject
Project("{FAE04EC0-301F-11D3-BF4B-00C04F79EFBC}") = "Pictograms", "Pictograms\Pictograms.csproj", "{0D9E79A0-DBCF-42A6-B0A8-6234F3AAE253}"
EndProject
Project("{2150E333-8FDC-42A3-9474-1A3956D46DE8}") = ".files", ".files", "{5D1381AE-869F-42A3-8753-C2AF649078D0}"
	ProjectSection(SolutionItems) = preProject
		.gitignore = .gitignore
	EndProjectSection
EndProject
Project("{2150E333-8FDC-42A3-9474-1A3956D46DE8}") = ".nuget", ".nuget", "{FE0EED20-DED7-414B-AA1F-80AF7AF35419}"
	ProjectSection(SolutionItems) = preProject
		.nuget\NuGet.exe = .nuget\NuGet.exe
		.nuget\NuGet.targets = .nuget\NuGet.targets
	EndProjectSection
EndProject
Global
	GlobalSection(SolutionConfigurationPlatforms) = preSolution
		Debug|Any CPU = Debug|Any CPU
		Release|Any CPU = Release|Any CPU
	EndGlobalSection
	GlobalSection(ProjectConfigurationPlatforms) = postSolution
		{0D9E79A0-DBCF-42A6-B0A8-6234F3AAE253}.Debug|Any CPU.ActiveCfg = Debug|Any CPU
		{0D9E79A0-DBCF-42A6-B0A8-6234F3AAE253}.Debug|Any CPU.Build.0 = Debug|Any CPU
		{0D9E79A0-DBCF-42A6-B0A8-6234F3AAE253}.Release|Any CPU.ActiveCfg = Release|Any CPU
		{0D9E79A0-DBCF-42A6-B0A8-6234F3AAE253}.Release|Any CPU.Build.0 = Release|Any CPU
	EndGlobalSection
	GlobalSection(SolutionProperties) = preSolution
		HideSolutionNode = FALSE
	EndGlobalSection
EndGlobal
